
Microsoft Visual Studio Solution File, Format Version 12.00
# Visual Studio 15
VisualStudioVersion = 15.0.26730.16
MinimumVisualStudioVersion = 10.0.40219.1
Project("{FAE04EC0-301F-11D3-BF4B-00C04F79EFBC}") = "BuddyTest", "BuddyTest\BuddyTest.csproj", "{909B6DDB-C8CE-48FC-9D7B-C02F4FB4E408}"
EndProject
Project("{FAE04EC0-301F-11D3-BF4B-00C04F79EFBC}") = "BuddyConsole", "BuddyConsole\BuddyConsole.csproj", "{CA4AC547-9694-411E-B165-EEE5541B6962}"
EndProject
Global
	GlobalSection(SolutionConfigurationPlatforms) = preSolution
		Debug|Any CPU = Debug|Any CPU
		Release|Any CPU = Release|Any CPU
	EndGlobalSection
	GlobalSection(ProjectConfigurationPlatforms) = postSolution
		{909B6DDB-C8CE-48FC-9D7B-C02F4FB4E408}.Debug|Any CPU.ActiveCfg = Debug|Any CPU
		{909B6DDB-C8CE-48FC-9D7B-C02F4FB4E408}.Debug|Any CPU.Build.0 = Debug|Any CPU
		{909B6DDB-C8CE-48FC-9D7B-C02F4FB4E408}.Release|Any CPU.ActiveCfg = Release|Any CPU
		{909B6DDB-C8CE-48FC-9D7B-C02F4FB4E408}.Release|Any CPU.Build.0 = Release|Any CPU
		{CA4AC547-9694-411E-B165-EEE5541B6962}.Debug|Any CPU.ActiveCfg = Debug|Any CPU
		{CA4AC547-9694-411E-B165-EEE5541B6962}.Debug|Any CPU.Build.0 = Debug|Any CPU
		{CA4AC547-9694-411E-B165-EEE5541B6962}.Release|Any CPU.ActiveCfg = Release|Any CPU
		{CA4AC547-9694-411E-B165-EEE5541B6962}.Release|Any CPU.Build.0 = Release|Any CPU
	EndGlobalSection
	GlobalSection(SolutionProperties) = preSolution
		HideSolutionNode = FALSE
	EndGlobalSection
	GlobalSection(ExtensibilityGlobals) = postSolution
		SolutionGuid = {62FAFBDB-6B5C-49A4-96B6-92D71AD11988}
	EndGlobalSection
EndGlobal
